
Microsoft Visual Studio Solution File, Format Version 12.00
Project("{FAE04EC0-301F-11D3-BF4B-00C04F79EFBC}") = "TestRefit", "TestRefit\TestRefit.csproj", "{BD5D2352-5ED0-451B-8888-761EEB21E234}"
EndProject
Global
	GlobalSection(SolutionConfigurationPlatforms) = preSolution
		Debug|Any CPU = Debug|Any CPU
		Release|Any CPU = Release|Any CPU
	EndGlobalSection
	GlobalSection(ProjectConfigurationPlatforms) = postSolution
		{BD5D2352-5ED0-451B-8888-761EEB21E234}.Debug|Any CPU.ActiveCfg = Debug|Any CPU
		{BD5D2352-5ED0-451B-8888-761EEB21E234}.Debug|Any CPU.Build.0 = Debug|Any CPU
		{BD5D2352-5ED0-451B-8888-761EEB21E234}.Release|Any CPU.ActiveCfg = Release|Any CPU
		{BD5D2352-5ED0-451B-8888-761EEB21E234}.Release|Any CPU.Build.0 = Release|Any CPU
	EndGlobalSection
EndGlobal
